
Microsoft Visual Studio Solution File, Format Version 12.00
# Visual Studio Version 17
VisualStudioVersion = 17.11.35222.181
MinimumVisualStudioVersion = 10.0.40219.1
Project("{2150E333-8FDC-42A3-9474-1A3956D46DE8}") = "Task0", "Task0", "{1B80B923-2C32-4D89-93CD-123C1B14B1C4}"
EndProject
Project("{9A19103F-16F7-4668-BE54-9A1E7A4F7556}") = "Tyuiu.KrasyukME.Sprint2.Task0.V27", "Tyuiu.KrasyukME.Sprint2.Task0.V27\Tyuiu.KrasyukME.Sprint2.Task0.V27.csproj", "{9006193F-80FE-4A8A-8652-06B3338A166E}"
EndProject
Project("{9A19103F-16F7-4668-BE54-9A1E7A4F7556}") = "Tyuiu.KrasyukME.Sprint2.Task0.V27.Lib", "Tyuiu.KrasyukME.Sprint2.Task0.V27.Lib\Tyuiu.KrasyukME.Sprint2.Task0.V27.Lib.csproj", "{AC09103E-8207-4FA2-9AAA-9ABFB97BD571}"
EndProject
Project("{9A19103F-16F7-4668-BE54-9A1E7A4F7556}") = "Tyuiu.KrasyukME.Sprint2.Task0.V27.Test", "Tyuiu.KrasyukME.Sprint2.Task0.V27.Test\Tyuiu.KrasyukME.Sprint2.Task0.V27.Test.csproj", "{55F8DBEC-73BA-41F6-9E02-3923E1E25BEE}"
EndProject
Project("{2150E333-8FDC-42A3-9474-1A3956D46DE8}") = "Task1", "Task1", "{B674AFB1-8C62-4753-9094-8968DEB6EB9F}"
EndProject
Project("{9A19103F-16F7-4668-BE54-9A1E7A4F7556}") = "Tyuiu.KrasyukME.Sprint2.Task1.V11", "Tyuiu.KrasyukME.Sprint2.Task1.V11\Tyuiu.KrasyukME.Sprint2.Task1.V11.csproj", "{424910A1-8A7B-4F48-B212-50336494B799}"
EndProject
Project("{9A19103F-16F7-4668-BE54-9A1E7A4F7556}") = "Tyuiu.KrasyukME.Sprint2.Task1.V11.Lib", "Tyuiu.KrasyukME.Sprint2.Task1.V11.Lib\Tyuiu.KrasyukME.Sprint2.Task1.V11.Lib.csproj", "{DDD9A84D-D3ED-453A-B4E7-32737300E1CD}"
EndProject
Project("{9A19103F-16F7-4668-BE54-9A1E7A4F7556}") = "Tyuiu.KrasyukME.Sprint2.Task1.V11.Test", "Tyuiu.KrasyukME.Sprint2.Task1.V11.Test\Tyuiu.KrasyukME.Sprint2.Task1.V11.Test.csproj", "{70617CD6-1C59-4642-AC5F-1F6C13ADA75C}"
EndProject
Project("{2150E333-8FDC-42A3-9474-1A3956D46DE8}") = "Task2", "Task2", "{3DF05726-2B51-4F95-959F-C3F7D90D9160}"
EndProject
Project("{9A19103F-16F7-4668-BE54-9A1E7A4F7556}") = "Tyuiu.KrasyukME.Sprint2.Task2.V15", "Tyuiu.KrasyukME.Sprint2.Task2.V15\Tyuiu.KrasyukME.Sprint2.Task2.V15.csproj", "{FCEF0122-5F71-46A4-BBA5-2A6A320CF1DD}"
EndProject
Project("{9A19103F-16F7-4668-BE54-9A1E7A4F7556}") = "Tyuiu.KrasyukME.Sprint2.Task2.V15.Lib", "Tyuiu.KrasyukME.Sprint2.Task2.V15.Lib\Tyuiu.KrasyukME.Sprint2.Task2.V15.Lib.csproj", "{901A89AD-EDD2-4EAC-BA09-990C85135936}"
EndProject
Project("{9A19103F-16F7-4668-BE54-9A1E7A4F7556}") = "Tyuiu.KrasyukME.Sprint2.Task2.V15.Test", "Tyuiu.KrasyukME.Sprint2.Task2.V15.Test\Tyuiu.KrasyukME.Sprint2.Task2.V15.Test.csproj", "{98E6536D-57D7-408D-A276-DD0B620F60FD}"
EndProject
Project("{2150E333-8FDC-42A3-9474-1A3956D46DE8}") = "Task3", "Task3", "{4050F2A5-500C-431C-85C0-8335AB9E59C5}"
EndProject
Project("{9A19103F-16F7-4668-BE54-9A1E7A4F7556}") = "Tyuiu.KrasyukME.Sprint2.Task3.V21", "Tyuiu.KrasyukME.Sprint2.Task3.V21\Tyuiu.KrasyukME.Sprint2.Task3.V21.csproj", "{32571725-5B08-4809-B7FF-F46BE5857A1C}"
EndProject
Project("{9A19103F-16F7-4668-BE54-9A1E7A4F7556}") = "Tyuiu.KrasyukME.Sprint2.Task3.V21.Lib", "Tyuiu.KrasyukME.Sprint2.Task3.V21.Lib\Tyuiu.KrasyukME.Sprint2.Task3.V21.Lib.csproj", "{C7DF6848-1738-4908-BF02-A143C0668297}"
EndProject
Project("{9A19103F-16F7-4668-BE54-9A1E7A4F7556}") = "Tyuiu.KrasyukME.Sprint2.Task3.V21.Test", "Tyuiu.KrasyukME.Sprint2.Task3.V21.Test\Tyuiu.KrasyukME.Sprint2.Task3.V21.Test.csproj", "{F9D1C42C-39C3-4BF2-8223-893F825C56EC}"
EndProject
Project("{2150E333-8FDC-42A3-9474-1A3956D46DE8}") = "Task4", "Task4", "{270A726D-ED6D-4D94-9F72-557816CB87DD}"
EndProject
Project("{FAE04EC0-301F-11D3-BF4B-00C04F79EFBC}") = "Tyuiu.KrasyukME.Sprint2.Task4.V28", "Tyuiu.KrasyukME.Sprint2.Task4.V28\Tyuiu.KrasyukME.Sprint2.Task4.V28.csproj", "{AAE82638-4BA3-441B-B20E-4FF5F7BE9110}"
EndProject
Project("{FAE04EC0-301F-11D3-BF4B-00C04F79EFBC}") = "Tyuiu.KrasyukME.Sprint2.Task4.V28.Lib", "Tyuiu.KrasyukME.Sprint2.Task4.V28.Lib\Tyuiu.KrasyukME.Sprint2.Task4.V28.Lib.csproj", "{281DBBB0-DEFA-4BB7-84C3-8B56C6B72EFF}"
EndProject
Project("{FAE04EC0-301F-11D3-BF4B-00C04F79EFBC}") = "Tyuiu.KrasyukME.Sprint2.Task4.V28.Test", "Tyuiu.KrasyukME.Sprint2.Task4.V28.Test\Tyuiu.KrasyukME.Sprint2.Task4.V28.Test.csproj", "{933EDB76-9AB6-4BED-9934-3DDC1648117E}"
EndProject
Project("{2150E333-8FDC-42A3-9474-1A3956D46DE8}") = "Task5", "Task5", "{1BE527C8-5EC8-4E12-9678-23E8A95567F5}"
EndProject
Project("{FAE04EC0-301F-11D3-BF4B-00C04F79EFBC}") = "Tyuiu.KrasyukME.Sprint2.Task5.V3", "Tyuiu.KrasyukME.Sprint2.Task5.V3\Tyuiu.KrasyukME.Sprint2.Task5.V3.csproj", "{4F2AED97-0444-4CAA-9275-17108E25355D}"
EndProject
Project("{FAE04EC0-301F-11D3-BF4B-00C04F79EFBC}") = "Tyuiu.KrasyukME.Sprint2.Task5.V3.Lib", "Tyuiu.KrasyukME.Sprint2.Task5.V3.Lib\Tyuiu.KrasyukME.Sprint2.Task5.V3.Lib.csproj", "{9866A805-B95C-444B-8FF4-CB135BF7217E}"
EndProject
Project("{FAE04EC0-301F-11D3-BF4B-00C04F79EFBC}") = "Tyuiu.KrasyukME.Sprint2.Task5.V3.Test", "Tyuiu.KrasyukME.Sprint2.Task5.V3.Test\Tyuiu.KrasyukME.Sprint2.Task5.V3.Test.csproj", "{AAC0E579-7A99-4282-8F27-0D6E2BAB6CDE}"
EndProject
Project("{2150E333-8FDC-42A3-9474-1A3956D46DE8}") = "Task6", "Task6", "{94C539E6-7159-4607-9574-2DD049C0A233}"
EndProject
Project("{FAE04EC0-301F-11D3-BF4B-00C04F79EFBC}") = "Tyuiu.KrasyukME.Sprint2.Task6.V1", "Tyuiu.KrasyukME.Sprint2.Task6.V1\Tyuiu.KrasyukME.Sprint2.Task6.V1.csproj", "{F18B1E7A-6ABC-4E85-9FF1-B176A9957223}"
EndProject
Project("{FAE04EC0-301F-11D3-BF4B-00C04F79EFBC}") = "Tyuiu.KrasyukME.Sprint2.Task6.V1.Lib", "Tyuiu.KrasyukME.Sprint2.Task6.V1.Lib\Tyuiu.KrasyukME.Sprint2.Task6.V1.Lib.csproj", "{3F378810-E9FE-4286-9345-8736755EFD14}"
EndProject
Project("{FAE04EC0-301F-11D3-BF4B-00C04F79EFBC}") = "Tyuiu.KrasyukME.Sprint2.Task6.V1.Test", "Tyuiu.KrasyukME.Sprint2.Task6.V1.Test\Tyuiu.KrasyukME.Sprint2.Task6.V1.Test.csproj", "{72B54569-5ED6-4F4D-9279-A8381D436A2E}"
EndProject
Project("{2150E333-8FDC-42A3-9474-1A3956D46DE8}") = "Task7", "Task7", "{D1957393-134B-4821-9A2F-826C3480088E}"
EndProject
Project("{FAE04EC0-301F-11D3-BF4B-00C04F79EFBC}") = "Tyuiu.KrasyukME.Sprint2.Task7.V10", "Tyuiu.KrasyukME.Sprint2.Task7.V10\Tyuiu.KrasyukME.Sprint2.Task7.V10.csproj", "{133F92D3-F3B8-44A1-A2A6-495B14D9C24C}"
EndProject
Project("{FAE04EC0-301F-11D3-BF4B-00C04F79EFBC}") = "Tyuiu.KrasyukME.Sprint2.Task7.V10.Lib", "Tyuiu.KrasyukME.Sprint2.Task7.V10.Lib\Tyuiu.KrasyukME.Sprint2.Task7.V10.Lib.csproj", "{3999594B-5D16-4601-82E8-C50869AC7CBA}"
EndProject
Project("{FAE04EC0-301F-11D3-BF4B-00C04F79EFBC}") = "Tyuiu.KrasyukME.Sprint2.Task7.V10.Test", "Tyuiu.KrasyukME.Sprint2.Task7.V10.Test\Tyuiu.KrasyukME.Sprint2.Task7.V10.Test.csproj", "{7B54BBAD-4B56-426B-8B15-DD376BB42515}"
EndProject
Global
	GlobalSection(SolutionConfigurationPlatforms) = preSolution
		Debug|Any CPU = Debug|Any CPU
		Release|Any CPU = Release|Any CPU
	EndGlobalSection
	GlobalSection(ProjectConfigurationPlatforms) = postSolution
		{9006193F-80FE-4A8A-8652-06B3338A166E}.Debug|Any CPU.ActiveCfg = Debug|Any CPU
		{9006193F-80FE-4A8A-8652-06B3338A166E}.Debug|Any CPU.Build.0 = Debug|Any CPU
		{9006193F-80FE-4A8A-8652-06B3338A166E}.Release|Any CPU.ActiveCfg = Release|Any CPU
		{9006193F-80FE-4A8A-8652-06B3338A166E}.Release|Any CPU.Build.0 = Release|Any CPU
		{AC09103E-8207-4FA2-9AAA-9ABFB97BD571}.Debug|Any CPU.ActiveCfg = Debug|Any CPU
		{AC09103E-8207-4FA2-9AAA-9ABFB97BD571}.Debug|Any CPU.Build.0 = Debug|Any CPU
		{AC09103E-8207-4FA2-9AAA-9ABFB97BD571}.Release|Any CPU.ActiveCfg = Release|Any CPU
		{AC09103E-8207-4FA2-9AAA-9ABFB97BD571}.Release|Any CPU.Build.0 = Release|Any CPU
		{55F8DBEC-73BA-41F6-9E02-3923E1E25BEE}.Debug|Any CPU.ActiveCfg = Debug|Any CPU
		{55F8DBEC-73BA-41F6-9E02-3923E1E25BEE}.Debug|Any CPU.Build.0 = Debug|Any CPU
		{55F8DBEC-73BA-41F6-9E02-3923E1E25BEE}.Release|Any CPU.ActiveCfg = Release|Any CPU
		{55F8DBEC-73BA-41F6-9E02-3923E1E25BEE}.Release|Any CPU.Build.0 = Release|Any CPU
		{424910A1-8A7B-4F48-B212-50336494B799}.Debug|Any CPU.ActiveCfg = Debug|Any CPU
		{424910A1-8A7B-4F48-B212-50336494B799}.Debug|Any CPU.Build.0 = Debug|Any CPU
		{424910A1-8A7B-4F48-B212-50336494B799}.Release|Any CPU.ActiveCfg = Release|Any CPU
		{424910A1-8A7B-4F48-B212-50336494B799}.Release|Any CPU.Build.0 = Release|Any CPU
		{DDD9A84D-D3ED-453A-B4E7-32737300E1CD}.Debug|Any CPU.ActiveCfg = Debug|Any CPU
		{DDD9A84D-D3ED-453A-B4E7-32737300E1CD}.Debug|Any CPU.Build.0 = Debug|Any CPU
		{DDD9A84D-D3ED-453A-B4E7-32737300E1CD}.Release|Any CPU.ActiveCfg = Release|Any CPU
		{DDD9A84D-D3ED-453A-B4E7-32737300E1CD}.Release|Any CPU.Build.0 = Release|Any CPU
		{70617CD6-1C59-4642-AC5F-1F6C13ADA75C}.Debug|Any CPU.ActiveCfg = Debug|Any CPU
		{70617CD6-1C59-4642-AC5F-1F6C13ADA75C}.Debug|Any CPU.Build.0 = Debug|Any CPU
		{70617CD6-1C59-4642-AC5F-1F6C13ADA75C}.Release|Any CPU.ActiveCfg = Release|Any CPU
		{70617CD6-1C59-4642-AC5F-1F6C13ADA75C}.Release|Any CPU.Build.0 = Release|Any CPU
		{FCEF0122-5F71-46A4-BBA5-2A6A320CF1DD}.Debug|Any CPU.ActiveCfg = Debug|Any CPU
		{FCEF0122-5F71-46A4-BBA5-2A6A320CF1DD}.Debug|Any CPU.Build.0 = Debug|Any CPU
		{FCEF0122-5F71-46A4-BBA5-2A6A320CF1DD}.Release|Any CPU.ActiveCfg = Release|Any CPU
		{FCEF0122-5F71-46A4-BBA5-2A6A320CF1DD}.Release|Any CPU.Build.0 = Release|Any CPU
		{901A89AD-EDD2-4EAC-BA09-990C85135936}.Debug|Any CPU.ActiveCfg = Debug|Any CPU
		{901A89AD-EDD2-4EAC-BA09-990C85135936}.Debug|Any CPU.Build.0 = Debug|Any CPU
		{901A89AD-EDD2-4EAC-BA09-990C85135936}.Release|Any CPU.ActiveCfg = Release|Any CPU
		{901A89AD-EDD2-4EAC-BA09-990C85135936}.Release|Any CPU.Build.0 = Release|Any CPU
		{98E6536D-57D7-408D-A276-DD0B620F60FD}.Debug|Any CPU.ActiveCfg = Debug|Any CPU
		{98E6536D-57D7-408D-A276-DD0B620F60FD}.Debug|Any CPU.Build.0 = Debug|Any CPU
		{98E6536D-57D7-408D-A276-DD0B620F60FD}.Release|Any CPU.ActiveCfg = Release|Any CPU
		{98E6536D-57D7-408D-A276-DD0B620F60FD}.Release|Any CPU.Build.0 = Release|Any CPU
		{32571725-5B08-4809-B7FF-F46BE5857A1C}.Debug|Any CPU.ActiveCfg = Debug|Any CPU
		{32571725-5B08-4809-B7FF-F46BE5857A1C}.Debug|Any CPU.Build.0 = Debug|Any CPU
		{32571725-5B08-4809-B7FF-F46BE5857A1C}.Release|Any CPU.ActiveCfg = Release|Any CPU
		{32571725-5B08-4809-B7FF-F46BE5857A1C}.Release|Any CPU.Build.0 = Release|Any CPU
		{C7DF6848-1738-4908-BF02-A143C0668297}.Debug|Any CPU.ActiveCfg = Debug|Any CPU
		{C7DF6848-1738-4908-BF02-A143C0668297}.Debug|Any CPU.Build.0 = Debug|Any CPU
		{C7DF6848-1738-4908-BF02-A143C0668297}.Release|Any CPU.ActiveCfg = Release|Any CPU
		{C7DF6848-1738-4908-BF02-A143C0668297}.Release|Any CPU.Build.0 = Release|Any CPU
		{F9D1C42C-39C3-4BF2-8223-893F825C56EC}.Debug|Any CPU.ActiveCfg = Debug|Any CPU
		{F9D1C42C-39C3-4BF2-8223-893F825C56EC}.Debug|Any CPU.Build.0 = Debug|Any CPU
		{F9D1C42C-39C3-4BF2-8223-893F825C56EC}.Release|Any CPU.ActiveCfg = Release|Any CPU
		{F9D1C42C-39C3-4BF2-8223-893F825C56EC}.Release|Any CPU.Build.0 = Release|Any CPU
		{AAE82638-4BA3-441B-B20E-4FF5F7BE9110}.Debug|Any CPU.ActiveCfg = Debug|Any CPU
		{AAE82638-4BA3-441B-B20E-4FF5F7BE9110}.Debug|Any CPU.Build.0 = Debug|Any CPU
		{AAE82638-4BA3-441B-B20E-4FF5F7BE9110}.Release|Any CPU.ActiveCfg = Release|Any CPU
		{AAE82638-4BA3-441B-B20E-4FF5F7BE9110}.Release|Any CPU.Build.0 = Release|Any CPU
		{281DBBB0-DEFA-4BB7-84C3-8B56C6B72EFF}.Debug|Any CPU.ActiveCfg = Debug|Any CPU
		{281DBBB0-DEFA-4BB7-84C3-8B56C6B72EFF}.Debug|Any CPU.Build.0 = Debug|Any CPU
		{281DBBB0-DEFA-4BB7-84C3-8B56C6B72EFF}.Release|Any CPU.ActiveCfg = Release|Any CPU
		{281DBBB0-DEFA-4BB7-84C3-8B56C6B72EFF}.Release|Any CPU.Build.0 = Release|Any CPU
		{933EDB76-9AB6-4BED-9934-3DDC1648117E}.Debug|Any CPU.ActiveCfg = Debug|Any CPU
		{933EDB76-9AB6-4BED-9934-3DDC1648117E}.Debug|Any CPU.Build.0 = Debug|Any CPU
		{933EDB76-9AB6-4BED-9934-3DDC1648117E}.Release|Any CPU.ActiveCfg = Release|Any CPU
		{933EDB76-9AB6-4BED-9934-3DDC1648117E}.Release|Any CPU.Build.0 = Release|Any CPU
		{4F2AED97-0444-4CAA-9275-17108E25355D}.Debug|Any CPU.ActiveCfg = Debug|Any CPU
		{4F2AED97-0444-4CAA-9275-17108E25355D}.Debug|Any CPU.Build.0 = Debug|Any CPU
		{4F2AED97-0444-4CAA-9275-17108E25355D}.Release|Any CPU.ActiveCfg = Release|Any CPU
		{4F2AED97-0444-4CAA-9275-17108E25355D}.Release|Any CPU.Build.0 = Release|Any CPU
		{9866A805-B95C-444B-8FF4-CB135BF7217E}.Debug|Any CPU.ActiveCfg = Debug|Any CPU
		{9866A805-B95C-444B-8FF4-CB135BF7217E}.Debug|Any CPU.Build.0 = Debug|Any CPU
		{9866A805-B95C-444B-8FF4-CB135BF7217E}.Release|Any CPU.ActiveCfg = Release|Any CPU
		{9866A805-B95C-444B-8FF4-CB135BF7217E}.Release|Any CPU.Build.0 = Release|Any CPU
		{AAC0E579-7A99-4282-8F27-0D6E2BAB6CDE}.Debug|Any CPU.ActiveCfg = Debug|Any CPU
		{AAC0E579-7A99-4282-8F27-0D6E2BAB6CDE}.Debug|Any CPU.Build.0 = Debug|Any CPU
		{AAC0E579-7A99-4282-8F27-0D6E2BAB6CDE}.Release|Any CPU.ActiveCfg = Release|Any CPU
		{AAC0E579-7A99-4282-8F27-0D6E2BAB6CDE}.Release|Any CPU.Build.0 = Release|Any CPU
		{F18B1E7A-6ABC-4E85-9FF1-B176A9957223}.Debug|Any CPU.ActiveCfg = Debug|Any CPU
		{F18B1E7A-6ABC-4E85-9FF1-B176A9957223}.Debug|Any CPU.Build.0 = Debug|Any CPU
		{F18B1E7A-6ABC-4E85-9FF1-B176A9957223}.Release|Any CPU.ActiveCfg = Release|Any CPU
		{F18B1E7A-6ABC-4E85-9FF1-B176A9957223}.Release|Any CPU.Build.0 = Release|Any CPU
		{3F378810-E9FE-4286-9345-8736755EFD14}.Debug|Any CPU.ActiveCfg = Debug|Any CPU
		{3F378810-E9FE-4286-9345-8736755EFD14}.Debug|Any CPU.Build.0 = Debug|Any CPU
		{3F378810-E9FE-4286-9345-8736755EFD14}.Release|Any CPU.ActiveCfg = Release|Any CPU
		{3F378810-E9FE-4286-9345-8736755EFD14}.Release|Any CPU.Build.0 = Release|Any CPU
		{72B54569-5ED6-4F4D-9279-A8381D436A2E}.Debug|Any CPU.ActiveCfg = Debug|Any CPU
		{72B54569-5ED6-4F4D-9279-A8381D436A2E}.Debug|Any CPU.Build.0 = Debug|Any CPU
		{72B54569-5ED6-4F4D-9279-A8381D436A2E}.Release|Any CPU.ActiveCfg = Release|Any CPU
		{72B54569-5ED6-4F4D-9279-A8381D436A2E}.Release|Any CPU.Build.0 = Release|Any CPU
		{133F92D3-F3B8-44A1-A2A6-495B14D9C24C}.Debug|Any CPU.ActiveCfg = Debug|Any CPU
		{133F92D3-F3B8-44A1-A2A6-495B14D9C24C}.Debug|Any CPU.Build.0 = Debug|Any CPU
		{133F92D3-F3B8-44A1-A2A6-495B14D9C24C}.Release|Any CPU.ActiveCfg = Release|Any CPU
		{133F92D3-F3B8-44A1-A2A6-495B14D9C24C}.Release|Any CPU.Build.0 = Release|Any CPU
		{3999594B-5D16-4601-82E8-C50869AC7CBA}.Debug|Any CPU.ActiveCfg = Debug|Any CPU
		{3999594B-5D16-4601-82E8-C50869AC7CBA}.Debug|Any CPU.Build.0 = Debug|Any CPU
		{3999594B-5D16-4601-82E8-C50869AC7CBA}.Release|Any CPU.ActiveCfg = Release|Any CPU
		{3999594B-5D16-4601-82E8-C50869AC7CBA}.Release|Any CPU.Build.0 = Release|Any CPU
		{7B54BBAD-4B56-426B-8B15-DD376BB42515}.Debug|Any CPU.ActiveCfg = Debug|Any CPU
		{7B54BBAD-4B56-426B-8B15-DD376BB42515}.Debug|Any CPU.Build.0 = Debug|Any CPU
		{7B54BBAD-4B56-426B-8B15-DD376BB42515}.Release|Any CPU.ActiveCfg = Release|Any CPU
		{7B54BBAD-4B56-426B-8B15-DD376BB42515}.Release|Any CPU.Build.0 = Release|Any CPU
	EndGlobalSection
	GlobalSection(SolutionProperties) = preSolution
		HideSolutionNode = FALSE
	EndGlobalSection
	GlobalSection(NestedProjects) = preSolution
		{9006193F-80FE-4A8A-8652-06B3338A166E} = {1B80B923-2C32-4D89-93CD-123C1B14B1C4}
		{AC09103E-8207-4FA2-9AAA-9ABFB97BD571} = {1B80B923-2C32-4D89-93CD-123C1B14B1C4}
		{55F8DBEC-73BA-41F6-9E02-3923E1E25BEE} = {1B80B923-2C32-4D89-93CD-123C1B14B1C4}
		{424910A1-8A7B-4F48-B212-50336494B799} = {B674AFB1-8C62-4753-9094-8968DEB6EB9F}
		{DDD9A84D-D3ED-453A-B4E7-32737300E1CD} = {B674AFB1-8C62-4753-9094-8968DEB6EB9F}
		{70617CD6-1C59-4642-AC5F-1F6C13ADA75C} = {B674AFB1-8C62-4753-9094-8968DEB6EB9F}
		{FCEF0122-5F71-46A4-BBA5-2A6A320CF1DD} = {3DF05726-2B51-4F95-959F-C3F7D90D9160}
		{901A89AD-EDD2-4EAC-BA09-990C85135936} = {3DF05726-2B51-4F95-959F-C3F7D90D9160}
		{98E6536D-57D7-408D-A276-DD0B620F60FD} = {3DF05726-2B51-4F95-959F-C3F7D90D9160}
		{32571725-5B08-4809-B7FF-F46BE5857A1C} = {4050F2A5-500C-431C-85C0-8335AB9E59C5}
		{C7DF6848-1738-4908-BF02-A143C0668297} = {4050F2A5-500C-431C-85C0-8335AB9E59C5}
		{F9D1C42C-39C3-4BF2-8223-893F825C56EC} = {4050F2A5-500C-431C-85C0-8335AB9E59C5}
		{AAE82638-4BA3-441B-B20E-4FF5F7BE9110} = {270A726D-ED6D-4D94-9F72-557816CB87DD}
		{281DBBB0-DEFA-4BB7-84C3-8B56C6B72EFF} = {270A726D-ED6D-4D94-9F72-557816CB87DD}
		{933EDB76-9AB6-4BED-9934-3DDC1648117E} = {270A726D-ED6D-4D94-9F72-557816CB87DD}
		{4F2AED97-0444-4CAA-9275-17108E25355D} = {1BE527C8-5EC8-4E12-9678-23E8A95567F5}
		{9866A805-B95C-444B-8FF4-CB135BF7217E} = {1BE527C8-5EC8-4E12-9678-23E8A95567F5}
		{AAC0E579-7A99-4282-8F27-0D6E2BAB6CDE} = {1BE527C8-5EC8-4E12-9678-23E8A95567F5}
		{F18B1E7A-6ABC-4E85-9FF1-B176A9957223} = {94C539E6-7159-4607-9574-2DD049C0A233}
		{3F378810-E9FE-4286-9345-8736755EFD14} = {94C539E6-7159-4607-9574-2DD049C0A233}
		{72B54569-5ED6-4F4D-9279-A8381D436A2E} = {94C539E6-7159-4607-9574-2DD049C0A233}
		{133F92D3-F3B8-44A1-A2A6-495B14D9C24C} = {D1957393-134B-4821-9A2F-826C3480088E}
		{3999594B-5D16-4601-82E8-C50869AC7CBA} = {D1957393-134B-4821-9A2F-826C3480088E}
		{7B54BBAD-4B56-426B-8B15-DD376BB42515} = {D1957393-134B-4821-9A2F-826C3480088E}
	EndGlobalSection
	GlobalSection(ExtensibilityGlobals) = postSolution
		SolutionGuid = {B680244F-C50F-4B44-AF52-2DB2CF12C088}
	EndGlobalSection
EndGlobal
